
Microsoft Visual Studio Solution File, Format Version 12.00
# Visual Studio Version 17
VisualStudioVersion = 17.1.32328.378
MinimumVisualStudioVersion = 10.0.40219.1
Project("{9A19103F-16F7-4668-BE54-9A1E7A4F7556}") = "Day 1", "Day 1\Day 1.csproj", "{1A729C11-F467-451F-943B-131F24D40EF6}"
EndProject
Project("{FAE04EC0-301F-11D3-BF4B-00C04F79EFBC}") = "Day2", "Day2\Day2.csproj", "{8A669B22-40AB-4C1A-8F07-C3E0753B3628}"
EndProject
Global
	GlobalSection(SolutionConfigurationPlatforms) = preSolution
		Debug|Any CPU = Debug|Any CPU
		Release|Any CPU = Release|Any CPU
	EndGlobalSection
	GlobalSection(ProjectConfigurationPlatforms) = postSolution
		{1A729C11-F467-451F-943B-131F24D40EF6}.Debug|Any CPU.ActiveCfg = Debug|Any CPU
		{1A729C11-F467-451F-943B-131F24D40EF6}.Debug|Any CPU.Build.0 = Debug|Any CPU
		{1A729C11-F467-451F-943B-131F24D40EF6}.Release|Any CPU.ActiveCfg = Release|Any CPU
		{1A729C11-F467-451F-943B-131F24D40EF6}.Release|Any CPU.Build.0 = Release|Any CPU
		{8A669B22-40AB-4C1A-8F07-C3E0753B3628}.Debug|Any CPU.ActiveCfg = Debug|Any CPU
		{8A669B22-40AB-4C1A-8F07-C3E0753B3628}.Debug|Any CPU.Build.0 = Debug|Any CPU
		{8A669B22-40AB-4C1A-8F07-C3E0753B3628}.Release|Any CPU.ActiveCfg = Release|Any CPU
		{8A669B22-40AB-4C1A-8F07-C3E0753B3628}.Release|Any CPU.Build.0 = Release|Any CPU
	EndGlobalSection
	GlobalSection(SolutionProperties) = preSolution
		HideSolutionNode = FALSE
	EndGlobalSection
	GlobalSection(ExtensibilityGlobals) = postSolution
		SolutionGuid = {B67AE1F5-6CB7-46D0-BDC1-39DDE176EC42}
	EndGlobalSection
EndGlobal
